// !$*UTF8*$!
{
	archiveVersion = 1;
	classes = {
	};
	objectVersion = 50;
	objects = {

/* Begin PBXBuildFile section */
		7F3F329925B5954D00FF7BF1 /* AppDelegate.swift in Sources */ = {isa = PBXBuildFile; fileRef = 7F3F329825B5954D00FF7BF1 /* AppDelegate.swift */; };
		7F3F329B25B5954D00FF7BF1 /* SceneDelegate.swift in Sources */ = {isa = PBXBuildFile; fileRef = 7F3F329A25B5954D00FF7BF1 /* SceneDelegate.swift */; };
		7F3F329D25B5954D00FF7BF1 /* ViewController.swift in Sources */ = {isa = PBXBuildFile; fileRef = 7F3F329C25B5954D00FF7BF1 /* ViewController.swift */; };
		7F3F32A025B5954D00FF7BF1 /* Main.storyboard in Resources */ = {isa = PBXBuildFile; fileRef = 7F3F329E25B5954D00FF7BF1 /* Main.storyboard */; };
		7F3F32A225B5954E00FF7BF1 /* Assets.xcassets in Resources */ = {isa = PBXBuildFile; fileRef = 7F3F32A125B5954E00FF7BF1 /* Assets.xcassets */; };
		7F3F32A525B5954E00FF7BF1 /* LaunchScreen.storyboard in Resources */ = {isa = PBXBuildFile; fileRef = 7F3F32A325B5954E00FF7BF1 /* LaunchScreen.storyboard */; };
		7F7B41E125D54E6E0000D268 /* GradientLayer.swift in Sources */ = {isa = PBXBuildFile; fileRef = 7F7B41E025D54E6E0000D268 /* GradientLayer.swift */; };
		7F7B41E925DBFF7A0000D268 /* MainTranslatorTableViewCell.swift in Sources */ = {isa = PBXBuildFile; fileRef = 7F7B41E725DBFF7A0000D268 /* MainTranslatorTableViewCell.swift */; };
		7F7B41EA25DBFF7A0000D268 /* MainTranslatorTableViewCell.xib in Resources */ = {isa = PBXBuildFile; fileRef = 7F7B41E825DBFF7A0000D268 /* MainTranslatorTableViewCell.xib */; };
		7F90AB4725D14C2700882653 /* RecievedGoogleTranslationDataModel.swift in Sources */ = {isa = PBXBuildFile; fileRef = 7F90AB4625D14C2700882653 /* RecievedGoogleTranslationDataModel.swift */; };
		7F90AB4A25D14CB800882653 /* PostGoogleTransDataModel.swift in Sources */ = {isa = PBXBuildFile; fileRef = 7F90AB4925D14CB800882653 /* PostGoogleTransDataModel.swift */; };
		CA261E5025E511C400E954C2 /* HTTPMethods.swift in Sources */ = {isa = PBXBuildFile; fileRef = CA261E4F25E511C400E954C2 /* HTTPMethods.swift */; };
		CA261E5525E51AE100E954C2 /* GoogleRapidEndpoint.swift in Sources */ = {isa = PBXBuildFile; fileRef = CA261E5425E51AE100E954C2 /* GoogleRapidEndpoint.swift */; };
		CA261E5825E51E3900E954C2 /* PostDataModelProtocol.swift in Sources */ = {isa = PBXBuildFile; fileRef = CA261E5725E51E3900E954C2 /* PostDataModelProtocol.swift */; };
		CA261E5C25E54EA800E954C2 /* EndpointsProtocol.swift in Sources */ = {isa = PBXBuildFile; fileRef = CA261E5B25E54EA800E954C2 /* EndpointsProtocol.swift */; };
		CA261E6825E561DC00E954C2 /* NetworkErrors.swift in Sources */ = {isa = PBXBuildFile; fileRef = CA261E6725E561DC00E954C2 /* NetworkErrors.swift */; };
		CA7E4E2A25E5016400A40FB0 /* LanguagesCodes.swift in Sources */ = {isa = PBXBuildFile; fileRef = CA7E4E2925E5016400A40FB0 /* LanguagesCodes.swift */; };
		CA7E4E2E25E5030400A40FB0 /* NetworkService.swift in Sources */ = {isa = PBXBuildFile; fileRef = CA7E4E2D25E5030400A40FB0 /* NetworkService.swift */; };
/* End PBXBuildFile section */

/* Begin PBXFileReference section */
		7F3F329525B5954D00FF7BF1 /* FastTranslator.app */ = {isa = PBXFileReference; explicitFileType = wrapper.application; includeInIndex = 0; path = FastTranslator.app; sourceTree = BUILT_PRODUCTS_DIR; };
		7F3F329825B5954D00FF7BF1 /* AppDelegate.swift */ = {isa = PBXFileReference; lastKnownFileType = sourcecode.swift; path = AppDelegate.swift; sourceTree = "<group>"; };
		7F3F329A25B5954D00FF7BF1 /* SceneDelegate.swift */ = {isa = PBXFileReference; lastKnownFileType = sourcecode.swift; name = SceneDelegate.swift; path = FastTranslator/Helpers/SceneDelegate.swift; sourceTree = SOURCE_ROOT; };
		7F3F329C25B5954D00FF7BF1 /* ViewController.swift */ = {isa = PBXFileReference; lastKnownFileType = sourcecode.swift; path = ViewController.swift; sourceTree = "<group>"; };
		7F3F329F25B5954D00FF7BF1 /* Base */ = {isa = PBXFileReference; lastKnownFileType = file.storyboard; name = Base; path = Base.lproj/Main.storyboard; sourceTree = "<group>"; };
		7F3F32A125B5954E00FF7BF1 /* Assets.xcassets */ = {isa = PBXFileReference; lastKnownFileType = folder.assetcatalog; path = Assets.xcassets; sourceTree = "<group>"; };
		7F3F32A425B5954E00FF7BF1 /* Base */ = {isa = PBXFileReference; lastKnownFileType = file.storyboard; name = Base; path = Base.lproj/LaunchScreen.storyboard; sourceTree = "<group>"; };
		7F3F32A625B5954E00FF7BF1 /* Info.plist */ = {isa = PBXFileReference; lastKnownFileType = text.plist.xml; path = Info.plist; sourceTree = "<group>"; };
		7F7B41E025D54E6E0000D268 /* GradientLayer.swift */ = {isa = PBXFileReference; lastKnownFileType = sourcecode.swift; path = GradientLayer.swift; sourceTree = "<group>"; };
		7F7B41E725DBFF7A0000D268 /* MainTranslatorTableViewCell.swift */ = {isa = PBXFileReference; lastKnownFileType = sourcecode.swift; path = MainTranslatorTableViewCell.swift; sourceTree = "<group>"; };
		7F7B41E825DBFF7A0000D268 /* MainTranslatorTableViewCell.xib */ = {isa = PBXFileReference; lastKnownFileType = file.xib; path = MainTranslatorTableViewCell.xib; sourceTree = "<group>"; };
		7F90AB4625D14C2700882653 /* RecievedGoogleTranslationDataModel.swift */ = {isa = PBXFileReference; lastKnownFileType = sourcecode.swift; path = RecievedGoogleTranslationDataModel.swift; sourceTree = "<group>"; };
		7F90AB4925D14CB800882653 /* PostGoogleTransDataModel.swift */ = {isa = PBXFileReference; lastKnownFileType = sourcecode.swift; path = PostGoogleTransDataModel.swift; sourceTree = "<group>"; };
		CA261E4F25E511C400E954C2 /* HTTPMethods.swift */ = {isa = PBXFileReference; lastKnownFileType = sourcecode.swift; path = HTTPMethods.swift; sourceTree = "<group>"; };
		CA261E5425E51AE100E954C2 /* GoogleRapidEndpoint.swift */ = {isa = PBXFileReference; lastKnownFileType = sourcecode.swift; path = GoogleRapidEndpoint.swift; sourceTree = "<group>"; };
		CA261E5725E51E3900E954C2 /* PostDataModelProtocol.swift */ = {isa = PBXFileReference; lastKnownFileType = sourcecode.swift; path = PostDataModelProtocol.swift; sourceTree = "<group>"; };
		CA261E5B25E54EA800E954C2 /* EndpointsProtocol.swift */ = {isa = PBXFileReference; lastKnownFileType = sourcecode.swift; path = EndpointsProtocol.swift; sourceTree = "<group>"; };
		CA261E6725E561DC00E954C2 /* NetworkErrors.swift */ = {isa = PBXFileReference; lastKnownFileType = sourcecode.swift; path = NetworkErrors.swift; sourceTree = "<group>"; };
		CA7E4E2925E5016400A40FB0 /* LanguagesCodes.swift */ = {isa = PBXFileReference; lastKnownFileType = sourcecode.swift; path = LanguagesCodes.swift; sourceTree = "<group>"; };
		CA7E4E2D25E5030400A40FB0 /* NetworkService.swift */ = {isa = PBXFileReference; lastKnownFileType = sourcecode.swift; path = NetworkService.swift; sourceTree = "<group>"; };
/* End PBXFileReference section */

/* Begin PBXFrameworksBuildPhase section */
		7F3F329225B5954D00FF7BF1 /* Frameworks */ = {
			isa = PBXFrameworksBuildPhase;
			buildActionMask = 2147483647;
			files = (
			);
			runOnlyForDeploymentPostprocessing = 0;
		};
/* End PBXFrameworksBuildPhase section */

/* Begin PBXGroup section */
		7F3147E925C0AF1A00B524F5 /* Controllers */ = {
			isa = PBXGroup;
			children = (
				7F3F329C25B5954D00FF7BF1 /* ViewController.swift */,
			);
			path = Controllers;
			sourceTree = "<group>";
		};
		7F3F328C25B5954C00FF7BF1 = {
			isa = PBXGroup;
			children = (
				7F3F329725B5954D00FF7BF1 /* FastTranslator */,
				7F3F329625B5954D00FF7BF1 /* Products */,
			);
			sourceTree = "<group>";
		};
		7F3F329625B5954D00FF7BF1 /* Products */ = {
			isa = PBXGroup;
			children = (
				7F3F329525B5954D00FF7BF1 /* FastTranslator.app */,
			);
			name = Products;
			sourceTree = "<group>";
		};
		7F3F329725B5954D00FF7BF1 /* FastTranslator */ = {
			isa = PBXGroup;
			children = (
				7F3F32A625B5954E00FF7BF1 /* Info.plist */,
				7F3F32D125B5BB5300FF7BF1 /* MainWorkspace */,
				7F3F32BD25B5B3EB00FF7BF1 /* Helpers */,
			);
			path = FastTranslator;
			sourceTree = "<group>";
		};
		7F3F32AD25B5956B00FF7BF1 /* Model */ = {
			isa = PBXGroup;
			children = (
				7F90AB4625D14C2700882653 /* RecievedGoogleTranslationDataModel.swift */,
				7F90AB4925D14CB800882653 /* PostGoogleTransDataModel.swift */,
				CA261E5725E51E3900E954C2 /* PostDataModelProtocol.swift */,
			);
			path = Model;
			sourceTree = "<group>";
		};
		7F3F32AE25B5957A00FF7BF1 /* View */ = {
			isa = PBXGroup;
			children = (
				7F7B41D525D52FFA0000D268 /* Cells */,
				7F3F329E25B5954D00FF7BF1 /* Main.storyboard */,
				7F3147E925C0AF1A00B524F5 /* Controllers */,
				7F7B41E025D54E6E0000D268 /* GradientLayer.swift */,
			);
			path = View;
			sourceTree = "<group>";
		};
		7F3F32AF25B5958400FF7BF1 /* Presenter */ = {
			isa = PBXGroup;
			children = (
			);
			path = Presenter;
			sourceTree = "<group>";
		};
		7F3F32BD25B5B3EB00FF7BF1 /* Helpers */ = {
			isa = PBXGroup;
			children = (
				7F3F329825B5954D00FF7BF1 /* AppDelegate.swift */,
				7F3F329A25B5954D00FF7BF1 /* SceneDelegate.swift */,
				7F3F32A125B5954E00FF7BF1 /* Assets.xcassets */,
				7F3F32A325B5954E00FF7BF1 /* LaunchScreen.storyboard */,
			);
			path = Helpers;
			sourceTree = "<group>";
		};
		7F3F32D125B5BB5300FF7BF1 /* MainWorkspace */ = {
			isa = PBXGroup;
			children = (
				CA7E4E2825E4FDC500A40FB0 /* NetworkLayer */,
				7F3F32AD25B5956B00FF7BF1 /* Model */,
				7F3F32AE25B5957A00FF7BF1 /* View */,
				7F3F32AF25B5958400FF7BF1 /* Presenter */,
				CA7E4E2925E5016400A40FB0 /* LanguagesCodes.swift */,
			);
			path = MainWorkspace;
			sourceTree = "<group>";
		};
		7F7B41D525D52FFA0000D268 /* Cells */ = {
			isa = PBXGroup;
			children = (
				7F7B41E725DBFF7A0000D268 /* MainTranslatorTableViewCell.swift */,
				7F7B41E825DBFF7A0000D268 /* MainTranslatorTableViewCell.xib */,
			);
			path = Cells;
			sourceTree = "<group>";
		};
		CA261E5225E51AAF00E954C2 /* Endpoints */ = {
			isa = PBXGroup;
			children = (
				CA261E5425E51AE100E954C2 /* GoogleRapidEndpoint.swift */,
			);
			path = Endpoints;
			sourceTree = "<group>";
		};
		CA261E5325E51AC200E954C2 /* Protocols */ = {
			isa = PBXGroup;
			children = (
				CA261E5B25E54EA800E954C2 /* EndpointsProtocol.swift */,
			);
			path = Protocols;
			sourceTree = "<group>";
		};
		CA7E4E2825E4FDC500A40FB0 /* NetworkLayer */ = {
			isa = PBXGroup;
			children = (
				CA261E5325E51AC200E954C2 /* Protocols */,
				CA261E5225E51AAF00E954C2 /* Endpoints */,
				CA7E4E2D25E5030400A40FB0 /* NetworkService.swift */,
				CA261E4F25E511C400E954C2 /* HTTPMethods.swift */,
				CA261E6725E561DC00E954C2 /* NetworkErrors.swift */,
			);
			path = NetworkLayer;
			sourceTree = "<group>";
		};
/* End PBXGroup section */

/* Begin PBXNativeTarget section */
		7F3F329425B5954D00FF7BF1 /* FastTranslator */ = {
			isa = PBXNativeTarget;
			buildConfigurationList = 7F3F32A925B5954E00FF7BF1 /* Build configuration list for PBXNativeTarget "FastTranslator" */;
			buildPhases = (
				7F3F329125B5954D00FF7BF1 /* Sources */,
				7F3F329225B5954D00FF7BF1 /* Frameworks */,
				7F3F329325B5954D00FF7BF1 /* Resources */,
			);
			buildRules = (
			);
			dependencies = (
			);
			name = FastTranslator;
			productName = FastTranslator;
			productReference = 7F3F329525B5954D00FF7BF1 /* FastTranslator.app */;
			productType = "com.apple.product-type.application";
		};
/* End PBXNativeTarget section */

/* Begin PBXProject section */
		7F3F328D25B5954C00FF7BF1 /* Project object */ = {
			isa = PBXProject;
			attributes = {
				LastSwiftUpdateCheck = 1230;
				LastUpgradeCheck = 1230;
				ORGANIZATIONNAME = " Romanovskyi Volodymyr";
				TargetAttributes = {
					7F3F329425B5954D00FF7BF1 = {
						CreatedOnToolsVersion = 12.3;
					};
				};
			};
			buildConfigurationList = 7F3F329025B5954C00FF7BF1 /* Build configuration list for PBXProject "FastTranslator" */;
			compatibilityVersion = "Xcode 9.3";
			developmentRegion = en;
			hasScannedForEncodings = 0;
			knownRegions = (
				en,
				Base,
			);
			mainGroup = 7F3F328C25B5954C00FF7BF1;
			productRefGroup = 7F3F329625B5954D00FF7BF1 /* Products */;
			projectDirPath = "";
			projectRoot = "";
			targets = (
				7F3F329425B5954D00FF7BF1 /* FastTranslator */,
			);
		};
/* End PBXProject section */

/* Begin PBXResourcesBuildPhase section */
		7F3F329325B5954D00FF7BF1 /* Resources */ = {
			isa = PBXResourcesBuildPhase;
			buildActionMask = 2147483647;
			files = (
				7F3F32A525B5954E00FF7BF1 /* LaunchScreen.storyboard in Resources */,
				7F3F32A225B5954E00FF7BF1 /* Assets.xcassets in Resources */,
				7F7B41EA25DBFF7A0000D268 /* MainTranslatorTableViewCell.xib in Resources */,
				7F3F32A025B5954D00FF7BF1 /* Main.storyboard in Resources */,
			);
			runOnlyForDeploymentPostprocessing = 0;
		};
/* End PBXResourcesBuildPhase section */

/* Begin PBXSourcesBuildPhase section */
		7F3F329125B5954D00FF7BF1 /* Sources */ = {
			isa = PBXSourcesBuildPhase;
			buildActionMask = 2147483647;
			files = (
				CA261E5025E511C400E954C2 /* HTTPMethods.swift in Sources */,
				CA261E5C25E54EA800E954C2 /* EndpointsProtocol.swift in Sources */,
				7F7B41E125D54E6E0000D268 /* GradientLayer.swift in Sources */,
				7F3F329D25B5954D00FF7BF1 /* ViewController.swift in Sources */,
				CA261E6825E561DC00E954C2 /* NetworkErrors.swift in Sources */,
				7F90AB4A25D14CB800882653 /* PostGoogleTransDataModel.swift in Sources */,
				7F7B41E925DBFF7A0000D268 /* MainTranslatorTableViewCell.swift in Sources */,
				CA7E4E2E25E5030400A40FB0 /* NetworkService.swift in Sources */,
				CA7E4E2A25E5016400A40FB0 /* LanguagesCodes.swift in Sources */,
				CA261E5825E51E3900E954C2 /* PostDataModelProtocol.swift in Sources */,
				7F90AB4725D14C2700882653 /* RecievedGoogleTranslationDataModel.swift in Sources */,
				CA261E5525E51AE100E954C2 /* GoogleRapidEndpoint.swift in Sources */,
				7F3F329925B5954D00FF7BF1 /* AppDelegate.swift in Sources */,
				7F3F329B25B5954D00FF7BF1 /* SceneDelegate.swift in Sources */,
			);
			runOnlyForDeploymentPostprocessing = 0;
		};
/* End PBXSourcesBuildPhase section */

/* Begin PBXVariantGroup section */
		7F3F329E25B5954D00FF7BF1 /* Main.storyboard */ = {
			isa = PBXVariantGroup;
			children = (
				7F3F329F25B5954D00FF7BF1 /* Base */,
			);
			name = Main.storyboard;
			sourceTree = "<group>";
		};
		7F3F32A325B5954E00FF7BF1 /* LaunchScreen.storyboard */ = {
			isa = PBXVariantGroup;
			children = (
				7F3F32A425B5954E00FF7BF1 /* Base */,
			);
			name = LaunchScreen.storyboard;
			sourceTree = "<group>";
		};
/* End PBXVariantGroup section */

/* Begin XCBuildConfiguration section */
		7F3F32A725B5954E00FF7BF1 /* Debug */ = {
			isa = XCBuildConfiguration;
			buildSettings = {
				ALWAYS_SEARCH_USER_PATHS = NO;
				CLANG_ANALYZER_NONNULL = YES;
				CLANG_ANALYZER_NUMBER_OBJECT_CONVERSION = YES_AGGRESSIVE;
				CLANG_CXX_LANGUAGE_STANDARD = "gnu++14";
				CLANG_CXX_LIBRARY = "libc++";
				CLANG_ENABLE_MODULES = YES;
				CLANG_ENABLE_OBJC_ARC = YES;
				CLANG_ENABLE_OBJC_WEAK = YES;
				CLANG_WARN_BLOCK_CAPTURE_AUTORELEASING = YES;
				CLANG_WARN_BOOL_CONVERSION = YES;
				CLANG_WARN_COMMA = YES;
				CLANG_WARN_CONSTANT_CONVERSION = YES;
				CLANG_WARN_DEPRECATED_OBJC_IMPLEMENTATIONS = YES;
				CLANG_WARN_DIRECT_OBJC_ISA_USAGE = YES_ERROR;
				CLANG_WARN_DOCUMENTATION_COMMENTS = YES;
				CLANG_WARN_EMPTY_BODY = YES;
				CLANG_WARN_ENUM_CONVERSION = YES;
				CLANG_WARN_INFINITE_RECURSION = YES;
				CLANG_WARN_INT_CONVERSION = YES;
				CLANG_WARN_NON_LITERAL_NULL_CONVERSION = YES;
				CLANG_WARN_OBJC_IMPLICIT_RETAIN_SELF = YES;
				CLANG_WARN_OBJC_LITERAL_CONVERSION = YES;
				CLANG_WARN_OBJC_ROOT_CLASS = YES_ERROR;
				CLANG_WARN_QUOTED_INCLUDE_IN_FRAMEWORK_HEADER = YES;
				CLANG_WARN_RANGE_LOOP_ANALYSIS = YES;
				CLANG_WARN_STRICT_PROTOTYPES = YES;
				CLANG_WARN_SUSPICIOUS_MOVE = YES;
				CLANG_WARN_UNGUARDED_AVAILABILITY = YES_AGGRESSIVE;
				CLANG_WARN_UNREACHABLE_CODE = YES;
				CLANG_WARN__DUPLICATE_METHOD_MATCH = YES;
				COPY_PHASE_STRIP = NO;
				DEBUG_INFORMATION_FORMAT = dwarf;
				ENABLE_STRICT_OBJC_MSGSEND = YES;
				ENABLE_TESTABILITY = YES;
				GCC_C_LANGUAGE_STANDARD = gnu11;
				GCC_DYNAMIC_NO_PIC = NO;
				GCC_NO_COMMON_BLOCKS = YES;
				GCC_OPTIMIZATION_LEVEL = 0;
				GCC_PREPROCESSOR_DEFINITIONS = (
					"DEBUG=1",
					"$(inherited)",
				);
				GCC_WARN_64_TO_32_BIT_CONVERSION = YES;
				GCC_WARN_ABOUT_RETURN_TYPE = YES_ERROR;
				GCC_WARN_UNDECLARED_SELECTOR = YES;
				GCC_WARN_UNINITIALIZED_AUTOS = YES_AGGRESSIVE;
				GCC_WARN_UNUSED_FUNCTION = YES;
				GCC_WARN_UNUSED_VARIABLE = YES;
				IPHONEOS_DEPLOYMENT_TARGET = 14.3;
				MTL_ENABLE_DEBUG_INFO = INCLUDE_SOURCE;
				MTL_FAST_MATH = YES;
				ONLY_ACTIVE_ARCH = YES;
				SDKROOT = iphoneos;
				SWIFT_ACTIVE_COMPILATION_CONDITIONS = DEBUG;
				SWIFT_OPTIMIZATION_LEVEL = "-Onone";
			};
			name = Debug;
		};
		7F3F32A825B5954E00FF7BF1 /* Release */ = {
			isa = XCBuildConfiguration;
			buildSettings = {
				ALWAYS_SEARCH_USER_PATHS = NO;
				CLANG_ANALYZER_NONNULL = YES;
				CLANG_ANALYZER_NUMBER_OBJECT_CONVERSION = YES_AGGRESSIVE;
				CLANG_CXX_LANGUAGE_STANDARD = "gnu++14";
				CLANG_CXX_LIBRARY = "libc++";
				CLANG_ENABLE_MODULES = YES;
				CLANG_ENABLE_OBJC_ARC = YES;
				CLANG_ENABLE_OBJC_WEAK = YES;
				CLANG_WARN_BLOCK_CAPTURE_AUTORELEASING = YES;
				CLANG_WARN_BOOL_CONVERSION = YES;
				CLANG_WARN_COMMA = YES;
				CLANG_WARN_CONSTANT_CONVERSION = YES;
				CLANG_WARN_DEPRECATED_OBJC_IMPLEMENTATIONS = YES;
				CLANG_WARN_DIRECT_OBJC_ISA_USAGE = YES_ERROR;
				CLANG_WARN_DOCUMENTATION_COMMENTS = YES;
				CLANG_WARN_EMPTY_BODY = YES;
				CLANG_WARN_ENUM_CONVERSION = YES;
				CLANG_WARN_INFINITE_RECURSION = YES;
				CLANG_WARN_INT_CONVERSION = YES;
				CLANG_WARN_NON_LITERAL_NULL_CONVERSION = YES;
				CLANG_WARN_OBJC_IMPLICIT_RETAIN_SELF = YES;
				CLANG_WARN_OBJC_LITERAL_CONVERSION = YES;
				CLANG_WARN_OBJC_ROOT_CLASS = YES_ERROR;
				CLANG_WARN_QUOTED_INCLUDE_IN_FRAMEWORK_HEADER = YES;
				CLANG_WARN_RANGE_LOOP_ANALYSIS = YES;
				CLANG_WARN_STRICT_PROTOTYPES = YES;
				CLANG_WARN_SUSPICIOUS_MOVE = YES;
				CLANG_WARN_UNGUARDED_AVAILABILITY = YES_AGGRESSIVE;
				CLANG_WARN_UNREACHABLE_CODE = YES;
				CLANG_WARN__DUPLICATE_METHOD_MATCH = YES;
				COPY_PHASE_STRIP = NO;
				DEBUG_INFORMATION_FORMAT = "dwarf-with-dsym";
				ENABLE_NS_ASSERTIONS = NO;
				ENABLE_STRICT_OBJC_MSGSEND = YES;
				GCC_C_LANGUAGE_STANDARD = gnu11;
				GCC_NO_COMMON_BLOCKS = YES;
				GCC_WARN_64_TO_32_BIT_CONVERSION = YES;
				GCC_WARN_ABOUT_RETURN_TYPE = YES_ERROR;
				GCC_WARN_UNDECLARED_SELECTOR = YES;
				GCC_WARN_UNINITIALIZED_AUTOS = YES_AGGRESSIVE;
				GCC_WARN_UNUSED_FUNCTION = YES;
				GCC_WARN_UNUSED_VARIABLE = YES;
				IPHONEOS_DEPLOYMENT_TARGET = 14.3;
				MTL_ENABLE_DEBUG_INFO = NO;
				MTL_FAST_MATH = YES;
				SDKROOT = iphoneos;
				SWIFT_COMPILATION_MODE = wholemodule;
				SWIFT_OPTIMIZATION_LEVEL = "-O";
				VALIDATE_PRODUCT = YES;
			};
			name = Release;
		};
		7F3F32AA25B5954E00FF7BF1 /* Debug */ = {
			isa = XCBuildConfiguration;
			buildSettings = {
				ASSETCATALOG_COMPILER_APPICON_NAME = AppIcon;
				ASSETCATALOG_COMPILER_GLOBAL_ACCENT_COLOR_NAME = AccentColor;
				CODE_SIGN_STYLE = Automatic;
				INFOPLIST_FILE = FastTranslator/Info.plist;
				LD_RUNPATH_SEARCH_PATHS = (
					"$(inherited)",
					"@executable_path/Frameworks",
				);
				PRODUCT_BUNDLE_IDENTIFIER = com.VRomanovskiy.FastTranslator;
				PRODUCT_NAME = "$(TARGET_NAME)";
				SWIFT_VERSION = 5.0;
				TARGETED_DEVICE_FAMILY = "1,2";
			};
			name = Debug;
		};
		7F3F32AB25B5954E00FF7BF1 /* Release */ = {
			isa = XCBuildConfiguration;
			buildSettings = {
				ASSETCATALOG_COMPILER_APPICON_NAME = AppIcon;
				ASSETCATALOG_COMPILER_GLOBAL_ACCENT_COLOR_NAME = AccentColor;
				CODE_SIGN_STYLE = Automatic;
				INFOPLIST_FILE = FastTranslator/Info.plist;
				LD_RUNPATH_SEARCH_PATHS = (
					"$(inherited)",
					"@executable_path/Frameworks",
				);
				PRODUCT_BUNDLE_IDENTIFIER = com.VRomanovskiy.FastTranslator;
				PRODUCT_NAME = "$(TARGET_NAME)";
				SWIFT_VERSION = 5.0;
				TARGETED_DEVICE_FAMILY = "1,2";
			};
			name = Release;
		};
/* End XCBuildConfiguration section */

/* Begin XCConfigurationList section */
		7F3F329025B5954C00FF7BF1 /* Build configuration list for PBXProject "FastTranslator" */ = {
			isa = XCConfigurationList;
			buildConfigurations = (
				7F3F32A725B5954E00FF7BF1 /* Debug */,
				7F3F32A825B5954E00FF7BF1 /* Release */,
			);
			defaultConfigurationIsVisible = 0;
			defaultConfigurationName = Release;
		};
		7F3F32A925B5954E00FF7BF1 /* Build configuration list for PBXNativeTarget "FastTranslator" */ = {
			isa = XCConfigurationList;
			buildConfigurations = (
				7F3F32AA25B5954E00FF7BF1 /* Debug */,
				7F3F32AB25B5954E00FF7BF1 /* Release */,
			);
			defaultConfigurationIsVisible = 0;
			defaultConfigurationName = Release;
		};
/* End XCConfigurationList section */
	};
	rootObject = 7F3F328D25B5954C00FF7BF1 /* Project object */;
}
